
Microsoft Visual Studio Solution File, Format Version 12.00
# Visual Studio Version 16
VisualStudioVersion = 16.0.30804.86
MinimumVisualStudioVersion = 10.0.40219.1
Project("{FAE04EC0-301F-11D3-BF4B-00C04F79EFBC}") = "NETD3202-Lab5-V3", "NETD3202-Lab5-V3.csproj", "{03412A1C-B620-477A-970D-17C28EB4A4DC}"
EndProject
Global
	GlobalSection(SolutionConfigurationPlatforms) = preSolution
		Debug|Any CPU = Debug|Any CPU
		Release|Any CPU = Release|Any CPU
	EndGlobalSection
	GlobalSection(ProjectConfigurationPlatforms) = postSolution
		{03412A1C-B620-477A-970D-17C28EB4A4DC}.Debug|Any CPU.ActiveCfg = Debug|Any CPU
		{03412A1C-B620-477A-970D-17C28EB4A4DC}.Debug|Any CPU.Build.0 = Debug|Any CPU
		{03412A1C-B620-477A-970D-17C28EB4A4DC}.Release|Any CPU.ActiveCfg = Release|Any CPU
		{03412A1C-B620-477A-970D-17C28EB4A4DC}.Release|Any CPU.Build.0 = Release|Any CPU
	EndGlobalSection
	GlobalSection(SolutionProperties) = preSolution
		HideSolutionNode = FALSE
	EndGlobalSection
	GlobalSection(ExtensibilityGlobals) = postSolution
		SolutionGuid = {A049EB9D-CAB5-492D-BCE0-26CA2C5BBF12}
	EndGlobalSection
EndGlobal
